# generated by rye
# use `rye lock` or `rye sync` to update this lockfile
#
# last locked with the following flags:
#   pre: false
#   features: []
#   all-features: false
#   with-sources: false

-e file:.
black==24.2.0
cffi==1.16.0
    # via sqlitefts
click==8.1.7
    # via black
faker==23.2.1
flake8==7.0.0
iniconfig==2.0.0
    # via pytest
isort==5.13.2
mccabe==0.7.0
    # via flake8
mypy==1.8.0
mypy-extensions==1.0.0
    # via black
    # via mypy
packaging==23.2
    # via black
    # via pytest
pathspec==0.12.1
    # via black
platformdirs==4.2.0
    # via black
pluggy==1.4.0
    # via pytest
pycodestyle==2.11.1
    # via flake8
pycparser==2.21
    # via cffi
pyflakes==3.2.0
    # via flake8
pytest==8.0.1
python-dateutil==2.8.2
    # via faker
six==1.16.0
    # via python-dateutil
types-cffi==1.16.0.20240106
types-setuptools==69.1.0.20240217
    # via types-cffi
typing-extensions==4.9.0
    # via mypy
