# generated by rye
# use `rye lock` or `rye sync` to update this lockfile
#
# last locked with the following flags:
#   pre: false
#   features: []
#   all-features: false

-e file:.
black==23.7.0
cffi==1.15.1
click==8.1.7
faker==19.3.0
flake8==6.1.0
iniconfig==2.0.0
isort==5.12.0
mccabe==0.7.0
mypy==1.5.1
mypy-extensions==1.0.0
packaging==23.1
pathspec==0.11.2
platformdirs==3.10.0
pluggy==1.2.0
pycodestyle==2.11.0
pycparser==2.21
pyflakes==3.1.0
pytest==7.4.0
python-dateutil==2.8.2
six==1.16.0
types-cffi==1.15.1.15
types-setuptools==68.1.0.0
typing-extensions==4.7.1
